{
  "name": "fuc-cli-service",
  "version": "1.0.0",
  "lockfileVersion": 1,
  "requires": true,
  "dependencies": {
    "fuc-cli-utils": {
      "version": "file:../cli-utils",
      "requires": {
        "chalk": "2.4.1",
        "cmd-shim": "2.0.2",
        "execa": "0.9.0",
        "joi": "12.0.0",
        "opn": "5.3.0",
        "ora": "1.4.0",
        "string.prototype.padstart": "3.0.0"
      },
      "dependencies": {
        "ansi-styles": {
          "version": "3.2.1",
          "bundled": true,
          "requires": {
            "color-convert": "1.9.1"
          }
        },
        "chalk": {
          "version": "2.4.1",
          "bundled": true,
          "requires": {
            "ansi-styles": "3.2.1",
            "escape-string-regexp": "1.0.5",
            "supports-color": "5.4.0"
          }
        },
        "cli-cursor": {
          "version": "2.1.0",
          "bundled": true,
          "requires": {
            "restore-cursor": "2.0.0"
          }
        },
        "cli-spinners": {
          "version": "1.3.1",
          "bundled": true
        },
        "cmd-shim": {
          "version": "2.0.2",
          "bundled": true,
          "requires": {
            "graceful-fs": "4.1.11",
            "mkdirp": "0.5.1"
          }
        },
        "color-convert": {
          "version": "1.9.1",
          "bundled": true,
          "requires": {
            "color-name": "1.1.3"
          }
        },
        "color-name": {
          "version": "1.1.3",
          "bundled": true
        },
        "cross-spawn": {
          "version": "5.1.0",
          "bundled": true,
          "requires": {
            "lru-cache": "4.1.2",
            "shebang-command": "1.2.0",
            "which": "1.3.0"
          }
        },
        "define-properties": {
          "version": "1.1.2",
          "bundled": true,
          "requires": {
            "foreach": "2.0.5",
            "object-keys": "1.0.11"
          }
        },
        "es-abstract": {
          "version": "1.11.0",
          "bundled": true,
          "requires": {
            "es-to-primitive": "1.1.1",
            "function-bind": "1.1.1",
            "has": "1.0.1",
            "is-callable": "1.1.3",
            "is-regex": "1.0.4"
          }
        },
        "es-to-primitive": {
          "version": "1.1.1",
          "bundled": true,
          "requires": {
            "is-callable": "1.1.3",
            "is-date-object": "1.0.1",
            "is-symbol": "1.0.1"
          }
        },
        "escape-string-regexp": {
          "version": "1.0.5",
          "bundled": true
        },
        "execa": {
          "version": "0.9.0",
          "bundled": true,
          "requires": {
            "cross-spawn": "5.1.0",
            "get-stream": "3.0.0",
            "is-stream": "1.1.0",
            "npm-run-path": "2.0.2",
            "p-finally": "1.0.0",
            "signal-exit": "3.0.2",
            "strip-eof": "1.0.0"
          }
        },
        "foreach": {
          "version": "2.0.5",
          "bundled": true
        },
        "function-bind": {
          "version": "1.1.1",
          "bundled": true
        },
        "get-stream": {
          "version": "3.0.0",
          "bundled": true
        },
        "graceful-fs": {
          "version": "4.1.11",
          "bundled": true
        },
        "has": {
          "version": "1.0.1",
          "bundled": true,
          "requires": {
            "function-bind": "1.1.1"
          }
        },
        "has-flag": {
          "version": "3.0.0",
          "bundled": true
        },
        "hoek": {
          "version": "4.2.1",
          "bundled": true
        },
        "is-callable": {
          "version": "1.1.3",
          "bundled": true
        },
        "is-date-object": {
          "version": "1.0.1",
          "bundled": true
        },
        "is-regex": {
          "version": "1.0.4",
          "bundled": true,
          "requires": {
            "has": "1.0.1"
          }
        },
        "is-stream": {
          "version": "1.1.0",
          "bundled": true
        },
        "is-symbol": {
          "version": "1.0.1",
          "bundled": true
        },
        "is-wsl": {
          "version": "1.1.0",
          "bundled": true
        },
        "isemail": {
          "version": "3.1.2",
          "bundled": true,
          "requires": {
            "punycode": "2.1.0"
          }
        },
        "isexe": {
          "version": "2.0.0",
          "bundled": true
        },
        "joi": {
          "version": "12.0.0",
          "bundled": true,
          "requires": {
            "hoek": "4.2.1",
            "isemail": "3.1.2",
            "topo": "2.0.2"
          }
        },
        "log-symbols": {
          "version": "2.2.0",
          "bundled": true,
          "requires": {
            "chalk": "2.4.1"
          }
        },
        "lru-cache": {
          "version": "4.1.2",
          "bundled": true,
          "requires": {
            "pseudomap": "1.0.2",
            "yallist": "2.1.2"
          }
        },
        "mimic-fn": {
          "version": "1.2.0",
          "bundled": true
        },
        "minimist": {
          "version": "0.0.8",
          "bundled": true
        },
        "mkdirp": {
          "version": "0.5.1",
          "bundled": true,
          "requires": {
            "minimist": "0.0.8"
          }
        },
        "npm-run-path": {
          "version": "2.0.2",
          "bundled": true,
          "requires": {
            "path-key": "2.0.1"
          }
        },
        "object-keys": {
          "version": "1.0.11",
          "bundled": true
        },
        "onetime": {
          "version": "2.0.1",
          "bundled": true,
          "requires": {
            "mimic-fn": "1.2.0"
          }
        },
        "opn": {
          "version": "5.3.0",
          "bundled": true,
          "requires": {
            "is-wsl": "1.1.0"
          }
        },
        "ora": {
          "version": "1.4.0",
          "bundled": true,
          "requires": {
            "chalk": "2.4.1",
            "cli-cursor": "2.1.0",
            "cli-spinners": "1.3.1",
            "log-symbols": "2.2.0"
          }
        },
        "p-finally": {
          "version": "1.0.0",
          "bundled": true
        },
        "path-key": {
          "version": "2.0.1",
          "bundled": true
        },
        "pseudomap": {
          "version": "1.0.2",
          "bundled": true
        },
        "punycode": {
          "version": "2.1.0",
          "bundled": true
        },
        "restore-cursor": {
          "version": "2.0.0",
          "bundled": true,
          "requires": {
            "onetime": "2.0.1",
            "signal-exit": "3.0.2"
          }
        },
        "shebang-command": {
          "version": "1.2.0",
          "bundled": true,
          "requires": {
            "shebang-regex": "1.0.0"
          }
        },
        "shebang-regex": {
          "version": "1.0.0",
          "bundled": true
        },
        "signal-exit": {
          "version": "3.0.2",
          "bundled": true
        },
        "string.prototype.padstart": {
          "version": "3.0.0",
          "bundled": true,
          "requires": {
            "define-properties": "1.1.2",
            "es-abstract": "1.11.0",
            "function-bind": "1.1.1"
          }
        },
        "strip-eof": {
          "version": "1.0.0",
          "bundled": true
        },
        "supports-color": {
          "version": "5.4.0",
          "bundled": true,
          "requires": {
            "has-flag": "3.0.0"
          }
        },
        "topo": {
          "version": "2.0.2",
          "bundled": true,
          "requires": {
            "hoek": "4.2.1"
          }
        },
        "which": {
          "version": "1.3.0",
          "bundled": true,
          "requires": {
            "isexe": "2.0.0"
          }
        },
        "yallist": {
          "version": "2.1.2",
          "bundled": true
        }
      }
    }
  }
}
